// !$*UTF8*$!
{
	archiveVersion = 1;
	classes = {
	};
	objectVersion = 55;
	objects = {

/* Begin PBXBuildFile section */
		044189C32729C50E00E30ADD /* AppDelegate.swift in Sources */ = {isa = PBXBuildFile; fileRef = 044189C22729C50E00E30ADD /* AppDelegate.swift */; };
		044189C52729C50E00E30ADD /* SceneDelegate.swift in Sources */ = {isa = PBXBuildFile; fileRef = 044189C42729C50E00E30ADD /* SceneDelegate.swift */; };
		044189C72729C50E00E30ADD /* ViewController.swift in Sources */ = {isa = PBXBuildFile; fileRef = 044189C62729C50E00E30ADD /* ViewController.swift */; };
		044189CA2729C50E00E30ADD /* Main.storyboard in Resources */ = {isa = PBXBuildFile; fileRef = 044189C82729C50E00E30ADD /* Main.storyboard */; };
		044189CC2729C51200E30ADD /* Assets.xcassets in Resources */ = {isa = PBXBuildFile; fileRef = 044189CB2729C51200E30ADD /* Assets.xcassets */; };
		044189CF2729C51200E30ADD /* LaunchScreen.storyboard in Resources */ = {isa = PBXBuildFile; fileRef = 044189CD2729C51200E30ADD /* LaunchScreen.storyboard */; };
		044189D82729C58B00E30ADD /* Alamofire in Frameworks */ = {isa = PBXBuildFile; productRef = 044189D72729C58B00E30ADD /* Alamofire */; };
		044189DB2729C59D00E30ADD /* SwiftyJSON in Frameworks */ = {isa = PBXBuildFile; productRef = 044189DA2729C59D00E30ADD /* SwiftyJSON */; };
		044189DE2729C5DD00E30ADD /* Kingfisher in Frameworks */ = {isa = PBXBuildFile; productRef = 044189DD2729C5DD00E30ADD /* Kingfisher */; };
		044189E02729C83700E30ADD /* KakaoAPIManager.swift in Sources */ = {isa = PBXBuildFile; fileRef = 044189DF2729C83700E30ADD /* KakaoAPIManager.swift */; };
		044189E22729C84300E30ADD /* Contants.swift in Sources */ = {isa = PBXBuildFile; fileRef = 044189E12729C84300E30ADD /* Contants.swift */; };
		044189E42729CAA000E30ADD /* textModel.swift in Sources */ = {isa = PBXBuildFile; fileRef = 044189E32729CAA000E30ADD /* textModel.swift */; };
/* End PBXBuildFile section */

/* Begin PBXFileReference section */
		044189BF2729C50E00E30ADD /* KakaoOCRPractice.app */ = {isa = PBXFileReference; explicitFileType = wrapper.application; includeInIndex = 0; path = KakaoOCRPractice.app; sourceTree = BUILT_PRODUCTS_DIR; };
		044189C22729C50E00E30ADD /* AppDelegate.swift */ = {isa = PBXFileReference; lastKnownFileType = sourcecode.swift; path = AppDelegate.swift; sourceTree = "<group>"; };
		044189C42729C50E00E30ADD /* SceneDelegate.swift */ = {isa = PBXFileReference; lastKnownFileType = sourcecode.swift; path = SceneDelegate.swift; sourceTree = "<group>"; };
		044189C62729C50E00E30ADD /* ViewController.swift */ = {isa = PBXFileReference; lastKnownFileType = sourcecode.swift; path = ViewController.swift; sourceTree = "<group>"; };
		044189C92729C50E00E30ADD /* Base */ = {isa = PBXFileReference; lastKnownFileType = file.storyboard; name = Base; path = Base.lproj/Main.storyboard; sourceTree = "<group>"; };
		044189CB2729C51200E30ADD /* Assets.xcassets */ = {isa = PBXFileReference; lastKnownFileType = folder.assetcatalog; path = Assets.xcassets; sourceTree = "<group>"; };
		044189CE2729C51200E30ADD /* Base */ = {isa = PBXFileReference; lastKnownFileType = file.storyboard; name = Base; path = Base.lproj/LaunchScreen.storyboard; sourceTree = "<group>"; };
		044189D02729C51200E30ADD /* Info.plist */ = {isa = PBXFileReference; lastKnownFileType = text.plist.xml; path = Info.plist; sourceTree = "<group>"; };
		044189DF2729C83700E30ADD /* KakaoAPIManager.swift */ = {isa = PBXFileReference; lastKnownFileType = sourcecode.swift; path = KakaoAPIManager.swift; sourceTree = "<group>"; };
		044189E12729C84300E30ADD /* Contants.swift */ = {isa = PBXFileReference; lastKnownFileType = sourcecode.swift; path = Contants.swift; sourceTree = "<group>"; };
		044189E32729CAA000E30ADD /* textModel.swift */ = {isa = PBXFileReference; lastKnownFileType = sourcecode.swift; path = textModel.swift; sourceTree = "<group>"; };
/* End PBXFileReference section */

/* Begin PBXFrameworksBuildPhase section */
		044189BC2729C50E00E30ADD /* Frameworks */ = {
			isa = PBXFrameworksBuildPhase;
			buildActionMask = 2147483647;
			files = (
				044189DE2729C5DD00E30ADD /* Kingfisher in Frameworks */,
				044189DB2729C59D00E30ADD /* SwiftyJSON in Frameworks */,
				044189D82729C58B00E30ADD /* Alamofire in Frameworks */,
			);
			runOnlyForDeploymentPostprocessing = 0;
		};
/* End PBXFrameworksBuildPhase section */

/* Begin PBXGroup section */
		044189B62729C50E00E30ADD = {
			isa = PBXGroup;
			children = (
				044189C12729C50E00E30ADD /* KakaoOCRPractice */,
				044189C02729C50E00E30ADD /* Products */,
			);
			sourceTree = "<group>";
		};
		044189C02729C50E00E30ADD /* Products */ = {
			isa = PBXGroup;
			children = (
				044189BF2729C50E00E30ADD /* KakaoOCRPractice.app */,
			);
			name = Products;
			sourceTree = "<group>";
		};
		044189C12729C50E00E30ADD /* KakaoOCRPractice */ = {
			isa = PBXGroup;
			children = (
				044189C22729C50E00E30ADD /* AppDelegate.swift */,
				044189C42729C50E00E30ADD /* SceneDelegate.swift */,
				044189C62729C50E00E30ADD /* ViewController.swift */,
				044189C82729C50E00E30ADD /* Main.storyboard */,
				044189E12729C84300E30ADD /* Contants.swift */,
				044189DF2729C83700E30ADD /* KakaoAPIManager.swift */,
				044189E32729CAA000E30ADD /* textModel.swift */,
				044189CB2729C51200E30ADD /* Assets.xcassets */,
				044189CD2729C51200E30ADD /* LaunchScreen.storyboard */,
				044189D02729C51200E30ADD /* Info.plist */,
			);
			path = KakaoOCRPractice;
			sourceTree = "<group>";
		};
/* End PBXGroup section */

/* Begin PBXNativeTarget section */
		044189BE2729C50E00E30ADD /* KakaoOCRPractice */ = {
			isa = PBXNativeTarget;
			buildConfigurationList = 044189D32729C51200E30ADD /* Build configuration list for PBXNativeTarget "KakaoOCRPractice" */;
			buildPhases = (
				044189BB2729C50E00E30ADD /* Sources */,
				044189BC2729C50E00E30ADD /* Frameworks */,
				044189BD2729C50E00E30ADD /* Resources */,
			);
			buildRules = (
			);
			dependencies = (
			);
			name = KakaoOCRPractice;
			packageProductDependencies = (
				044189D72729C58B00E30ADD /* Alamofire */,
				044189DA2729C59D00E30ADD /* SwiftyJSON */,
				044189DD2729C5DD00E30ADD /* Kingfisher */,
			);
			productName = KakaoOCRPractice;
			productReference = 044189BF2729C50E00E30ADD /* KakaoOCRPractice.app */;
			productType = "com.apple.product-type.application";
		};
/* End PBXNativeTarget section */

/* Begin PBXProject section */
		044189B72729C50E00E30ADD /* Project object */ = {
			isa = PBXProject;
			attributes = {
				BuildIndependentTargetsInParallel = 1;
				LastSwiftUpdateCheck = 1300;
				LastUpgradeCheck = 1300;
				TargetAttributes = {
					044189BE2729C50E00E30ADD = {
						CreatedOnToolsVersion = 13.0;
					};
				};
			};
			buildConfigurationList = 044189BA2729C50E00E30ADD /* Build configuration list for PBXProject "KakaoOCRPractice" */;
			compatibilityVersion = "Xcode 13.0";
			developmentRegion = en;
			hasScannedForEncodings = 0;
			knownRegions = (
				en,
				Base,
			);
			mainGroup = 044189B62729C50E00E30ADD;
			packageReferences = (
				044189D62729C58B00E30ADD /* XCRemoteSwiftPackageReference "Alamofire" */,
				044189D92729C59D00E30ADD /* XCRemoteSwiftPackageReference "SwiftyJSON" */,
				044189DC2729C5DD00E30ADD /* XCRemoteSwiftPackageReference "Kingfisher" */,
			);
			productRefGroup = 044189C02729C50E00E30ADD /* Products */;
			projectDirPath = "";
			projectRoot = "";
			targets = (
				044189BE2729C50E00E30ADD /* KakaoOCRPractice */,
			);
		};
/* End PBXProject section */

/* Begin PBXResourcesBuildPhase section */
		044189BD2729C50E00E30ADD /* Resources */ = {
			isa = PBXResourcesBuildPhase;
			buildActionMask = 2147483647;
			files = (
				044189CF2729C51200E30ADD /* LaunchScreen.storyboard in Resources */,
				044189CC2729C51200E30ADD /* Assets.xcassets in Resources */,
				044189CA2729C50E00E30ADD /* Main.storyboard in Resources */,
			);
			runOnlyForDeploymentPostprocessing = 0;
		};
/* End PBXResourcesBuildPhase section */

/* Begin PBXSourcesBuildPhase section */
		044189BB2729C50E00E30ADD /* Sources */ = {
			isa = PBXSourcesBuildPhase;
			buildActionMask = 2147483647;
			files = (
				044189E42729CAA000E30ADD /* textModel.swift in Sources */,
				044189E02729C83700E30ADD /* KakaoAPIManager.swift in Sources */,
				044189C72729C50E00E30ADD /* ViewController.swift in Sources */,
				044189E22729C84300E30ADD /* Contants.swift in Sources */,
				044189C32729C50E00E30ADD /* AppDelegate.swift in Sources */,
				044189C52729C50E00E30ADD /* SceneDelegate.swift in Sources */,
			);
			runOnlyForDeploymentPostprocessing = 0;
		};
/* End PBXSourcesBuildPhase section */

/* Begin PBXVariantGroup section */
		044189C82729C50E00E30ADD /* Main.storyboard */ = {
			isa = PBXVariantGroup;
			children = (
				044189C92729C50E00E30ADD /* Base */,
			);
			name = Main.storyboard;
			sourceTree = "<group>";
		};
		044189CD2729C51200E30ADD /* LaunchScreen.storyboard */ = {
			isa = PBXVariantGroup;
			children = (
				044189CE2729C51200E30ADD /* Base */,
			);
			name = LaunchScreen.storyboard;
			sourceTree = "<group>";
		};
/* End PBXVariantGroup section */

/* Begin XCBuildConfiguration section */
		044189D12729C51200E30ADD /* Debug */ = {
			isa = XCBuildConfiguration;
			buildSettings = {
				ALWAYS_SEARCH_USER_PATHS = NO;
				CLANG_ANALYZER_NONNULL = YES;
				CLANG_ANALYZER_NUMBER_OBJECT_CONVERSION = YES_AGGRESSIVE;
				CLANG_CXX_LANGUAGE_STANDARD = "gnu++17";
				CLANG_CXX_LIBRARY = "libc++";
				CLANG_ENABLE_MODULES = YES;
				CLANG_ENABLE_OBJC_ARC = YES;
				CLANG_ENABLE_OBJC_WEAK = YES;
				CLANG_WARN_BLOCK_CAPTURE_AUTORELEASING = YES;
				CLANG_WARN_BOOL_CONVERSION = YES;
				CLANG_WARN_COMMA = YES;
				CLANG_WARN_CONSTANT_CONVERSION = YES;
				CLANG_WARN_DEPRECATED_OBJC_IMPLEMENTATIONS = YES;
				CLANG_WARN_DIRECT_OBJC_ISA_USAGE = YES_ERROR;
				CLANG_WARN_DOCUMENTATION_COMMENTS = YES;
				CLANG_WARN_EMPTY_BODY = YES;
				CLANG_WARN_ENUM_CONVERSION = YES;
				CLANG_WARN_INFINITE_RECURSION = YES;
				CLANG_WARN_INT_CONVERSION = YES;
				CLANG_WARN_NON_LITERAL_NULL_CONVERSION = YES;
				CLANG_WARN_OBJC_IMPLICIT_RETAIN_SELF = YES;
				CLANG_WARN_OBJC_LITERAL_CONVERSION = YES;
				CLANG_WARN_OBJC_ROOT_CLASS = YES_ERROR;
				CLANG_WARN_QUOTED_INCLUDE_IN_FRAMEWORK_HEADER = YES;
				CLANG_WARN_RANGE_LOOP_ANALYSIS = YES;
				CLANG_WARN_STRICT_PROTOTYPES = YES;
				CLANG_WARN_SUSPICIOUS_MOVE = YES;
				CLANG_WARN_UNGUARDED_AVAILABILITY = YES_AGGRESSIVE;
				CLANG_WARN_UNREACHABLE_CODE = YES;
				CLANG_WARN__DUPLICATE_METHOD_MATCH = YES;
				COPY_PHASE_STRIP = NO;
				DEBUG_INFORMATION_FORMAT = dwarf;
				ENABLE_STRICT_OBJC_MSGSEND = YES;
				ENABLE_TESTABILITY = YES;
				GCC_C_LANGUAGE_STANDARD = gnu11;
				GCC_DYNAMIC_NO_PIC = NO;
				GCC_NO_COMMON_BLOCKS = YES;
				GCC_OPTIMIZATION_LEVEL = 0;
				GCC_PREPROCESSOR_DEFINITIONS = (
					"DEBUG=1",
					"$(inherited)",
				);
				GCC_WARN_64_TO_32_BIT_CONVERSION = YES;
				GCC_WARN_ABOUT_RETURN_TYPE = YES_ERROR;
				GCC_WARN_UNDECLARED_SELECTOR = YES;
				GCC_WARN_UNINITIALIZED_AUTOS = YES_AGGRESSIVE;
				GCC_WARN_UNUSED_FUNCTION = YES;
				GCC_WARN_UNUSED_VARIABLE = YES;
				IPHONEOS_DEPLOYMENT_TARGET = 15.0;
				MTL_ENABLE_DEBUG_INFO = INCLUDE_SOURCE;
				MTL_FAST_MATH = YES;
				ONLY_ACTIVE_ARCH = YES;
				SDKROOT = iphoneos;
				SWIFT_ACTIVE_COMPILATION_CONDITIONS = DEBUG;
				SWIFT_OPTIMIZATION_LEVEL = "-Onone";
			};
			name = Debug;
		};
		044189D22729C51200E30ADD /* Release */ = {
			isa = XCBuildConfiguration;
			buildSettings = {
				ALWAYS_SEARCH_USER_PATHS = NO;
				CLANG_ANALYZER_NONNULL = YES;
				CLANG_ANALYZER_NUMBER_OBJECT_CONVERSION = YES_AGGRESSIVE;
				CLANG_CXX_LANGUAGE_STANDARD = "gnu++17";
				CLANG_CXX_LIBRARY = "libc++";
				CLANG_ENABLE_MODULES = YES;
				CLANG_ENABLE_OBJC_ARC = YES;
				CLANG_ENABLE_OBJC_WEAK = YES;
				CLANG_WARN_BLOCK_CAPTURE_AUTORELEASING = YES;
				CLANG_WARN_BOOL_CONVERSION = YES;
				CLANG_WARN_COMMA = YES;
				CLANG_WARN_CONSTANT_CONVERSION = YES;
				CLANG_WARN_DEPRECATED_OBJC_IMPLEMENTATIONS = YES;
				CLANG_WARN_DIRECT_OBJC_ISA_USAGE = YES_ERROR;
				CLANG_WARN_DOCUMENTATION_COMMENTS = YES;
				CLANG_WARN_EMPTY_BODY = YES;
				CLANG_WARN_ENUM_CONVERSION = YES;
				CLANG_WARN_INFINITE_RECURSION = YES;
				CLANG_WARN_INT_CONVERSION = YES;
				CLANG_WARN_NON_LITERAL_NULL_CONVERSION = YES;
				CLANG_WARN_OBJC_IMPLICIT_RETAIN_SELF = YES;
				CLANG_WARN_OBJC_LITERAL_CONVERSION = YES;
				CLANG_WARN_OBJC_ROOT_CLASS = YES_ERROR;
				CLANG_WARN_QUOTED_INCLUDE_IN_FRAMEWORK_HEADER = YES;
				CLANG_WARN_RANGE_LOOP_ANALYSIS = YES;
				CLANG_WARN_STRICT_PROTOTYPES = YES;
				CLANG_WARN_SUSPICIOUS_MOVE = YES;
				CLANG_WARN_UNGUARDED_AVAILABILITY = YES_AGGRESSIVE;
				CLANG_WARN_UNREACHABLE_CODE = YES;
				CLANG_WARN__DUPLICATE_METHOD_MATCH = YES;
				COPY_PHASE_STRIP = NO;
				DEBUG_INFORMATION_FORMAT = "dwarf-with-dsym";
				ENABLE_NS_ASSERTIONS = NO;
				ENABLE_STRICT_OBJC_MSGSEND = YES;
				GCC_C_LANGUAGE_STANDARD = gnu11;
				GCC_NO_COMMON_BLOCKS = YES;
				GCC_WARN_64_TO_32_BIT_CONVERSION = YES;
				GCC_WARN_ABOUT_RETURN_TYPE = YES_ERROR;
				GCC_WARN_UNDECLARED_SELECTOR = YES;
				GCC_WARN_UNINITIALIZED_AUTOS = YES_AGGRESSIVE;
				GCC_WARN_UNUSED_FUNCTION = YES;
				GCC_WARN_UNUSED_VARIABLE = YES;
				IPHONEOS_DEPLOYMENT_TARGET = 15.0;
				MTL_ENABLE_DEBUG_INFO = NO;
				MTL_FAST_MATH = YES;
				SDKROOT = iphoneos;
				SWIFT_COMPILATION_MODE = wholemodule;
				SWIFT_OPTIMIZATION_LEVEL = "-O";
				VALIDATE_PRODUCT = YES;
			};
			name = Release;
		};
		044189D42729C51200E30ADD /* Debug */ = {
			isa = XCBuildConfiguration;
			buildSettings = {
				ASSETCATALOG_COMPILER_APPICON_NAME = AppIcon;
				ASSETCATALOG_COMPILER_GLOBAL_ACCENT_COLOR_NAME = AccentColor;
				CODE_SIGN_STYLE = Automatic;
				CURRENT_PROJECT_VERSION = 1;
				DEVELOPMENT_TEAM = 75QD4ZR23L;
				GENERATE_INFOPLIST_FILE = YES;
				INFOPLIST_FILE = KakaoOCRPractice/Info.plist;
				INFOPLIST_KEY_UIApplicationSupportsIndirectInputEvents = YES;
				INFOPLIST_KEY_UILaunchStoryboardName = LaunchScreen;
				INFOPLIST_KEY_UIMainStoryboardFile = Main;
				INFOPLIST_KEY_UISupportedInterfaceOrientations_iPad = "UIInterfaceOrientationPortrait UIInterfaceOrientationPortraitUpsideDown UIInterfaceOrientationLandscapeLeft UIInterfaceOrientationLandscapeRight";
				INFOPLIST_KEY_UISupportedInterfaceOrientations_iPhone = "UIInterfaceOrientationPortrait UIInterfaceOrientationLandscapeLeft UIInterfaceOrientationLandscapeRight";
				LD_RUNPATH_SEARCH_PATHS = (
					"$(inherited)",
					"@executable_path/Frameworks",
				);
				MARKETING_VERSION = 1.0;
				PRODUCT_BUNDLE_IDENTIFIER = com.ssac.KakaoOCRPractice;
				PRODUCT_NAME = "$(TARGET_NAME)";
				SWIFT_EMIT_LOC_STRINGS = YES;
				SWIFT_VERSION = 5.0;
				TARGETED_DEVICE_FAMILY = "1,2";
			};
			name = Debug;
		};
		044189D52729C51200E30ADD /* Release */ = {
			isa = XCBuildConfiguration;
			buildSettings = {
				ASSETCATALOG_COMPILER_APPICON_NAME = AppIcon;
				ASSETCATALOG_COMPILER_GLOBAL_ACCENT_COLOR_NAME = AccentColor;
				CODE_SIGN_STYLE = Automatic;
				CURRENT_PROJECT_VERSION = 1;
				DEVELOPMENT_TEAM = 75QD4ZR23L;
				GENERATE_INFOPLIST_FILE = YES;
				INFOPLIST_FILE = KakaoOCRPractice/Info.plist;
				INFOPLIST_KEY_UIApplicationSupportsIndirectInputEvents = YES;
				INFOPLIST_KEY_UILaunchStoryboardName = LaunchScreen;
				INFOPLIST_KEY_UIMainStoryboardFile = Main;
				INFOPLIST_KEY_UISupportedInterfaceOrientations_iPad = "UIInterfaceOrientationPortrait UIInterfaceOrientationPortraitUpsideDown UIInterfaceOrientationLandscapeLeft UIInterfaceOrientationLandscapeRight";
				INFOPLIST_KEY_UISupportedInterfaceOrientations_iPhone = "UIInterfaceOrientationPortrait UIInterfaceOrientationLandscapeLeft UIInterfaceOrientationLandscapeRight";
				LD_RUNPATH_SEARCH_PATHS = (
					"$(inherited)",
					"@executable_path/Frameworks",
				);
				MARKETING_VERSION = 1.0;
				PRODUCT_BUNDLE_IDENTIFIER = com.ssac.KakaoOCRPractice;
				PRODUCT_NAME = "$(TARGET_NAME)";
				SWIFT_EMIT_LOC_STRINGS = YES;
				SWIFT_VERSION = 5.0;
				TARGETED_DEVICE_FAMILY = "1,2";
			};
			name = Release;
		};
/* End XCBuildConfiguration section */

/* Begin XCConfigurationList section */
		044189BA2729C50E00E30ADD /* Build configuration list for PBXProject "KakaoOCRPractice" */ = {
			isa = XCConfigurationList;
			buildConfigurations = (
				044189D12729C51200E30ADD /* Debug */,
				044189D22729C51200E30ADD /* Release */,
			);
			defaultConfigurationIsVisible = 0;
			defaultConfigurationName = Release;
		};
		044189D32729C51200E30ADD /* Build configuration list for PBXNativeTarget "KakaoOCRPractice" */ = {
			isa = XCConfigurationList;
			buildConfigurations = (
				044189D42729C51200E30ADD /* Debug */,
				044189D52729C51200E30ADD /* Release */,
			);
			defaultConfigurationIsVisible = 0;
			defaultConfigurationName = Release;
		};
/* End XCConfigurationList section */

/* Begin XCRemoteSwiftPackageReference section */
		044189D62729C58B00E30ADD /* XCRemoteSwiftPackageReference "Alamofire" */ = {
			isa = XCRemoteSwiftPackageReference;
			repositoryURL = "https://github.com/Alamofire/Alamofire.git";
			requirement = {
				branch = master;
				kind = branch;
			};
		};
		044189D92729C59D00E30ADD /* XCRemoteSwiftPackageReference "SwiftyJSON" */ = {
			isa = XCRemoteSwiftPackageReference;
			repositoryURL = "https://github.com/SwiftyJSON/SwiftyJSON";
			requirement = {
				kind = exactVersion;
				version = 5.0.0;
			};
		};
		044189DC2729C5DD00E30ADD /* XCRemoteSwiftPackageReference "Kingfisher" */ = {
			isa = XCRemoteSwiftPackageReference;
			repositoryURL = "https://github.com/onevcat/Kingfisher.git";
			requirement = {
				branch = master;
				kind = branch;
			};
		};
/* End XCRemoteSwiftPackageReference section */

/* Begin XCSwiftPackageProductDependency section */
		044189D72729C58B00E30ADD /* Alamofire */ = {
			isa = XCSwiftPackageProductDependency;
			package = 044189D62729C58B00E30ADD /* XCRemoteSwiftPackageReference "Alamofire" */;
			productName = Alamofire;
		};
		044189DA2729C59D00E30ADD /* SwiftyJSON */ = {
			isa = XCSwiftPackageProductDependency;
			package = 044189D92729C59D00E30ADD /* XCRemoteSwiftPackageReference "SwiftyJSON" */;
			productName = SwiftyJSON;
		};
		044189DD2729C5DD00E30ADD /* Kingfisher */ = {
			isa = XCSwiftPackageProductDependency;
			package = 044189DC2729C5DD00E30ADD /* XCRemoteSwiftPackageReference "Kingfisher" */;
			productName = Kingfisher;
		};
/* End XCSwiftPackageProductDependency section */
	};
	rootObject = 044189B72729C50E00E30ADD /* Project object */;
}
